
Microsoft Visual Studio Solution File, Format Version 12.00
# Visual Studio 15
VisualStudioVersion = 15.0.27703.2035
MinimumVisualStudioVersion = 10.0.40219.1
Project("{FAE04EC0-301F-11D3-BF4B-00C04F79EFBC}") = "TryMVC", "TryMVC\TryMVC.csproj", "{30D0D71A-B040-4823-B91B-A92BCE652ECA}"
EndProject
Global
	GlobalSection(SolutionConfigurationPlatforms) = preSolution
		Debug|Any CPU = Debug|Any CPU
		Release|Any CPU = Release|Any CPU
	EndGlobalSection
	GlobalSection(ProjectConfigurationPlatforms) = postSolution
		{30D0D71A-B040-4823-B91B-A92BCE652ECA}.Debug|Any CPU.ActiveCfg = Debug|Any CPU
		{30D0D71A-B040-4823-B91B-A92BCE652ECA}.Debug|Any CPU.Build.0 = Debug|Any CPU
		{30D0D71A-B040-4823-B91B-A92BCE652ECA}.Release|Any CPU.ActiveCfg = Release|Any CPU
		{30D0D71A-B040-4823-B91B-A92BCE652ECA}.Release|Any CPU.Build.0 = Release|Any CPU
	EndGlobalSection
	GlobalSection(SolutionProperties) = preSolution
		HideSolutionNode = FALSE
	EndGlobalSection
	GlobalSection(ExtensibilityGlobals) = postSolution
		SolutionGuid = {C1B1DA8B-708B-4A84-9C0C-63BCC8C465FB}
	EndGlobalSection
EndGlobal
