
Microsoft Visual Studio Solution File, Format Version 12.00
# Visual Studio 15
VisualStudioVersion = 15.0.27703.2035
MinimumVisualStudioVersion = 10.0.40219.1
Project("{FAE04EC0-301F-11D3-BF4B-00C04F79EFBC}") = "UserAward", "UserAward\UserAward.csproj", "{49FCEFB6-B86B-440E-B4E1-E86BE085F654}"
EndProject
Project("{FAE04EC0-301F-11D3-BF4B-00C04F79EFBC}") = "Entity", "Entity\Entity.csproj", "{F9BCA0F7-AC56-4E63-9297-CBC6D78049BE}"
EndProject
Project("{FAE04EC0-301F-11D3-BF4B-00C04F79EFBC}") = "UserAward.DAL.Interface", "UserAward.DAL.Interface\UserAward.DAL.Interface.csproj", "{EC9AC36D-EFB0-4250-A213-D6A2CF219BAF}"
EndProject
Project("{2150E333-8FDC-42A3-9474-1A3956D46DE8}") = "Common", "Common", "{E54C1FED-F67E-47EA-9811-A75990CE64F1}"
EndProject
Project("{2150E333-8FDC-42A3-9474-1A3956D46DE8}") = "PL", "PL", "{3D27A41F-BD38-4202-BCAC-F81EC286BE42}"
EndProject
Project("{2150E333-8FDC-42A3-9474-1A3956D46DE8}") = "BLL", "BLL", "{7C04F0A5-932F-4D43-9ED6-41C260AAD9D7}"
EndProject
Project("{FAE04EC0-301F-11D3-BF4B-00C04F79EFBC}") = "UserAward.BLL.Logic", "UserAward.BLL.Logic\UserAward.BLL.Logic.csproj", "{4E52FFB9-E135-4E50-8FFE-3ACF0FD6FAD5}"
EndProject
Project("{FAE04EC0-301F-11D3-BF4B-00C04F79EFBC}") = "UserAward.BLL.Interface", "UserAward.BLL.Interface\UserAward.BLL.Interface.csproj", "{D1610CFB-6205-46FC-9464-3677221CA3B9}"
EndProject
Project("{FAE04EC0-301F-11D3-BF4B-00C04F79EFBC}") = "UserAward.Container", "UserAward.Container\UserAward.Container.csproj", "{2A485A3E-76B4-4133-B230-6DF9B3D8615E}"
EndProject
Project("{2150E333-8FDC-42A3-9474-1A3956D46DE8}") = "Test", "Test", "{7E99E71C-0F02-4742-AE9B-ED01BEE3F9ED}"
EndProject
Project("{FAE04EC0-301F-11D3-BF4B-00C04F79EFBC}") = "UserAwardTest", "UserAwardTest\UserAwardTest.csproj", "{71036F84-83BB-4A45-9F27-BBE89448462D}"
EndProject
Project("{2150E333-8FDC-42A3-9474-1A3956D46DE8}") = "DAL_File", "DAL_File", "{37E6FF2A-AD61-4177-816C-0E0555678EDF}"
EndProject
Project("{FAE04EC0-301F-11D3-BF4B-00C04F79EFBC}") = "UserAward.DAL_File.DAO", "UserAward.DAL_File.DAO\UserAward.DAL_File.DAO.csproj", "{77B0A63B-9DFD-4358-99EA-6BA68561FF4B}"
EndProject
Project("{2150E333-8FDC-42A3-9474-1A3956D46DE8}") = "DAL_Interface", "DAL_Interface", "{BBD3F68E-D00E-4B26-86FB-3332ADEE3A75}"
EndProject
Project("{2150E333-8FDC-42A3-9474-1A3956D46DE8}") = "DAL_Database", "DAL_Database", "{A31265E2-84B6-4AF0-A0D8-D998D70F66E4}"
EndProject
Project("{FAE04EC0-301F-11D3-BF4B-00C04F79EFBC}") = "UserAward.DAL_Database.DAO", "UserAward.DAL_Database.DAO\UserAward.DAL_Database.DAO.csproj", "{13CC4FD4-CB90-47AA-BAF1-E0FB2B3153FF}"
EndProject
Global
	GlobalSection(SolutionConfigurationPlatforms) = preSolution
		Debug|Any CPU = Debug|Any CPU
		Release|Any CPU = Release|Any CPU
	EndGlobalSection
	GlobalSection(ProjectConfigurationPlatforms) = postSolution
		{49FCEFB6-B86B-440E-B4E1-E86BE085F654}.Debug|Any CPU.ActiveCfg = Debug|Any CPU
		{49FCEFB6-B86B-440E-B4E1-E86BE085F654}.Debug|Any CPU.Build.0 = Debug|Any CPU
		{49FCEFB6-B86B-440E-B4E1-E86BE085F654}.Release|Any CPU.ActiveCfg = Release|Any CPU
		{49FCEFB6-B86B-440E-B4E1-E86BE085F654}.Release|Any CPU.Build.0 = Release|Any CPU
		{F9BCA0F7-AC56-4E63-9297-CBC6D78049BE}.Debug|Any CPU.ActiveCfg = Debug|Any CPU
		{F9BCA0F7-AC56-4E63-9297-CBC6D78049BE}.Debug|Any CPU.Build.0 = Debug|Any CPU
		{F9BCA0F7-AC56-4E63-9297-CBC6D78049BE}.Release|Any CPU.ActiveCfg = Release|Any CPU
		{F9BCA0F7-AC56-4E63-9297-CBC6D78049BE}.Release|Any CPU.Build.0 = Release|Any CPU
		{EC9AC36D-EFB0-4250-A213-D6A2CF219BAF}.Debug|Any CPU.ActiveCfg = Debug|Any CPU
		{EC9AC36D-EFB0-4250-A213-D6A2CF219BAF}.Debug|Any CPU.Build.0 = Debug|Any CPU
		{EC9AC36D-EFB0-4250-A213-D6A2CF219BAF}.Release|Any CPU.ActiveCfg = Release|Any CPU
		{EC9AC36D-EFB0-4250-A213-D6A2CF219BAF}.Release|Any CPU.Build.0 = Release|Any CPU
		{4E52FFB9-E135-4E50-8FFE-3ACF0FD6FAD5}.Debug|Any CPU.ActiveCfg = Debug|Any CPU
		{4E52FFB9-E135-4E50-8FFE-3ACF0FD6FAD5}.Debug|Any CPU.Build.0 = Debug|Any CPU
		{4E52FFB9-E135-4E50-8FFE-3ACF0FD6FAD5}.Release|Any CPU.ActiveCfg = Release|Any CPU
		{4E52FFB9-E135-4E50-8FFE-3ACF0FD6FAD5}.Release|Any CPU.Build.0 = Release|Any CPU
		{D1610CFB-6205-46FC-9464-3677221CA3B9}.Debug|Any CPU.ActiveCfg = Debug|Any CPU
		{D1610CFB-6205-46FC-9464-3677221CA3B9}.Debug|Any CPU.Build.0 = Debug|Any CPU
		{D1610CFB-6205-46FC-9464-3677221CA3B9}.Release|Any CPU.ActiveCfg = Release|Any CPU
		{D1610CFB-6205-46FC-9464-3677221CA3B9}.Release|Any CPU.Build.0 = Release|Any CPU
		{2A485A3E-76B4-4133-B230-6DF9B3D8615E}.Debug|Any CPU.ActiveCfg = Debug|Any CPU
		{2A485A3E-76B4-4133-B230-6DF9B3D8615E}.Debug|Any CPU.Build.0 = Debug|Any CPU
		{2A485A3E-76B4-4133-B230-6DF9B3D8615E}.Release|Any CPU.ActiveCfg = Release|Any CPU
		{2A485A3E-76B4-4133-B230-6DF9B3D8615E}.Release|Any CPU.Build.0 = Release|Any CPU
		{71036F84-83BB-4A45-9F27-BBE89448462D}.Debug|Any CPU.ActiveCfg = Debug|Any CPU
		{71036F84-83BB-4A45-9F27-BBE89448462D}.Debug|Any CPU.Build.0 = Debug|Any CPU
		{71036F84-83BB-4A45-9F27-BBE89448462D}.Release|Any CPU.ActiveCfg = Release|Any CPU
		{71036F84-83BB-4A45-9F27-BBE89448462D}.Release|Any CPU.Build.0 = Release|Any CPU
		{77B0A63B-9DFD-4358-99EA-6BA68561FF4B}.Debug|Any CPU.ActiveCfg = Debug|Any CPU
		{77B0A63B-9DFD-4358-99EA-6BA68561FF4B}.Debug|Any CPU.Build.0 = Debug|Any CPU
		{77B0A63B-9DFD-4358-99EA-6BA68561FF4B}.Release|Any CPU.ActiveCfg = Release|Any CPU
		{77B0A63B-9DFD-4358-99EA-6BA68561FF4B}.Release|Any CPU.Build.0 = Release|Any CPU
		{13CC4FD4-CB90-47AA-BAF1-E0FB2B3153FF}.Debug|Any CPU.ActiveCfg = Debug|Any CPU
		{13CC4FD4-CB90-47AA-BAF1-E0FB2B3153FF}.Debug|Any CPU.Build.0 = Debug|Any CPU
		{13CC4FD4-CB90-47AA-BAF1-E0FB2B3153FF}.Release|Any CPU.ActiveCfg = Release|Any CPU
		{13CC4FD4-CB90-47AA-BAF1-E0FB2B3153FF}.Release|Any CPU.Build.0 = Release|Any CPU
	EndGlobalSection
	GlobalSection(SolutionProperties) = preSolution
		HideSolutionNode = FALSE
	EndGlobalSection
	GlobalSection(NestedProjects) = preSolution
		{49FCEFB6-B86B-440E-B4E1-E86BE085F654} = {3D27A41F-BD38-4202-BCAC-F81EC286BE42}
		{F9BCA0F7-AC56-4E63-9297-CBC6D78049BE} = {E54C1FED-F67E-47EA-9811-A75990CE64F1}
		{EC9AC36D-EFB0-4250-A213-D6A2CF219BAF} = {BBD3F68E-D00E-4B26-86FB-3332ADEE3A75}
		{4E52FFB9-E135-4E50-8FFE-3ACF0FD6FAD5} = {7C04F0A5-932F-4D43-9ED6-41C260AAD9D7}
		{D1610CFB-6205-46FC-9464-3677221CA3B9} = {7C04F0A5-932F-4D43-9ED6-41C260AAD9D7}
		{2A485A3E-76B4-4133-B230-6DF9B3D8615E} = {E54C1FED-F67E-47EA-9811-A75990CE64F1}
		{71036F84-83BB-4A45-9F27-BBE89448462D} = {7E99E71C-0F02-4742-AE9B-ED01BEE3F9ED}
		{77B0A63B-9DFD-4358-99EA-6BA68561FF4B} = {37E6FF2A-AD61-4177-816C-0E0555678EDF}
		{13CC4FD4-CB90-47AA-BAF1-E0FB2B3153FF} = {A31265E2-84B6-4AF0-A0D8-D998D70F66E4}
	EndGlobalSection
	GlobalSection(ExtensibilityGlobals) = postSolution
		SolutionGuid = {F6F24CE0-FB33-41ED-8B21-8E65C0BEB177}
	EndGlobalSection
EndGlobal
