
Microsoft Visual Studio Solution File, Format Version 12.00
# Visual Studio 15
VisualStudioVersion = 15.0.27703.2035
MinimumVisualStudioVersion = 10.0.40219.1
Project("{FAE04EC0-301F-11D3-BF4B-00C04F79EFBC}") = "UserAwardMVC", "UserAwardMVC\UserAwardMVC.csproj", "{DCB2BC0D-3FFB-420E-803A-8B165A7FA010}"
EndProject
Global
	GlobalSection(SolutionConfigurationPlatforms) = preSolution
		Debug|Any CPU = Debug|Any CPU
		Release|Any CPU = Release|Any CPU
	EndGlobalSection
	GlobalSection(ProjectConfigurationPlatforms) = postSolution
		{DCB2BC0D-3FFB-420E-803A-8B165A7FA010}.Debug|Any CPU.ActiveCfg = Debug|Any CPU
		{DCB2BC0D-3FFB-420E-803A-8B165A7FA010}.Debug|Any CPU.Build.0 = Debug|Any CPU
		{DCB2BC0D-3FFB-420E-803A-8B165A7FA010}.Release|Any CPU.ActiveCfg = Release|Any CPU
		{DCB2BC0D-3FFB-420E-803A-8B165A7FA010}.Release|Any CPU.Build.0 = Release|Any CPU
	EndGlobalSection
	GlobalSection(SolutionProperties) = preSolution
		HideSolutionNode = FALSE
	EndGlobalSection
	GlobalSection(ExtensibilityGlobals) = postSolution
		SolutionGuid = {292D2C9F-3A91-44FB-A531-0CB081F6F0BA}
	EndGlobalSection
EndGlobal
